
Microsoft Visual Studio Solution File, Format Version 12.00
# Visual Studio Version 17
VisualStudioVersion = 17.6.33829.357
MinimumVisualStudioVersion = 10.0.40219.1
Project("{9A19103F-16F7-4668-BE54-9A1E7A4F7556}") = "Terminal", "Terminal\Terminal.csproj", "{C3EA6C37-E761-43A6-B362-BDAFE10906D9}"
EndProject
Project("{FAE04EC0-301F-11D3-BF4B-00C04F79EFBC}") = "Engine", "Engine\Engine.csproj", "{C9993642-148C-434A-BE3E-8D631EF5543D}"
EndProject
Global
	GlobalSection(SolutionConfigurationPlatforms) = preSolution
		Debug|Any CPU = Debug|Any CPU
		Release|Any CPU = Release|Any CPU
	EndGlobalSection
	GlobalSection(ProjectConfigurationPlatforms) = postSolution
		{C3EA6C37-E761-43A6-B362-BDAFE10906D9}.Debug|Any CPU.ActiveCfg = Debug|Any CPU
		{C3EA6C37-E761-43A6-B362-BDAFE10906D9}.Debug|Any CPU.Build.0 = Debug|Any CPU
		{C3EA6C37-E761-43A6-B362-BDAFE10906D9}.Release|Any CPU.ActiveCfg = Release|Any CPU
		{C3EA6C37-E761-43A6-B362-BDAFE10906D9}.Release|Any CPU.Build.0 = Release|Any CPU
		{C9993642-148C-434A-BE3E-8D631EF5543D}.Debug|Any CPU.ActiveCfg = Debug|Any CPU
		{C9993642-148C-434A-BE3E-8D631EF5543D}.Debug|Any CPU.Build.0 = Debug|Any CPU
		{C9993642-148C-434A-BE3E-8D631EF5543D}.Release|Any CPU.ActiveCfg = Release|Any CPU
		{C9993642-148C-434A-BE3E-8D631EF5543D}.Release|Any CPU.Build.0 = Release|Any CPU
	EndGlobalSection
	GlobalSection(SolutionProperties) = preSolution
		HideSolutionNode = FALSE
	EndGlobalSection
	GlobalSection(ExtensibilityGlobals) = postSolution
		SolutionGuid = {2F5BAF9A-9BAC-4C5E-8511-4C9AFB041DD7}
	EndGlobalSection
EndGlobal
